// !$*UTF8*$!
{
	archiveVersion = 1;
	classes = {
	};
	objectVersion = 56;
	objects = {

/* Begin PBXBuildFile section */
		4E14D63E29CC13220042E640 /* MasterViewController.swift in Sources */ = {isa = PBXBuildFile; fileRef = 4E14D63D29CC13220042E640 /* MasterViewController.swift */; };
		4E1DDC7B29CBE6DE001BAB68 /* AppDelegate.swift in Sources */ = {isa = PBXBuildFile; fileRef = 4E1DDC7A29CBE6DE001BAB68 /* AppDelegate.swift */; };
		4E1DDC7D29CBE6DE001BAB68 /* SceneDelegate.swift in Sources */ = {isa = PBXBuildFile; fileRef = 4E1DDC7C29CBE6DE001BAB68 /* SceneDelegate.swift */; };
		4E1DDC7F29CBE6DE001BAB68 /* ViewController.swift in Sources */ = {isa = PBXBuildFile; fileRef = 4E1DDC7E29CBE6DE001BAB68 /* ViewController.swift */; };
		4E1DDC8229CBE6DE001BAB68 /* Main.storyboard in Resources */ = {isa = PBXBuildFile; fileRef = 4E1DDC8029CBE6DE001BAB68 /* Main.storyboard */; };
		4E1DDC8429CBE6DF001BAB68 /* Assets.xcassets in Resources */ = {isa = PBXBuildFile; fileRef = 4E1DDC8329CBE6DF001BAB68 /* Assets.xcassets */; };
		4E1DDC8729CBE6DF001BAB68 /* LaunchScreen.storyboard in Resources */ = {isa = PBXBuildFile; fileRef = 4E1DDC8529CBE6DF001BAB68 /* LaunchScreen.storyboard */; };
		4E240D9A29CC1F3800164FE4 /* DashBoardViewController.swift in Sources */ = {isa = PBXBuildFile; fileRef = 4E240D9929CC1F3800164FE4 /* DashBoardViewController.swift */; };
		4E240D9C29CC1F4100164FE4 /* MapViewController.swift in Sources */ = {isa = PBXBuildFile; fileRef = 4E240D9B29CC1F4100164FE4 /* MapViewController.swift */; };
		4E9EC36629CD2F9700EC7F21 /* GoogleService-Info.plist in Resources */ = {isa = PBXBuildFile; fileRef = 4E9EC36529CD2F9700EC7F21 /* GoogleService-Info.plist */; };
		5C02CA01B535C1F8E8ED2EAE /* Pods_administrator.framework in Frameworks */ = {isa = PBXBuildFile; fileRef = 4E5805FDB48A88B483840755 /* Pods_administrator.framework */; };
/* End PBXBuildFile section */

/* Begin PBXFileReference section */
		025FC43EE2A8B6EAFF1F04DC /* Pods-administrator.debug.xcconfig */ = {isa = PBXFileReference; includeInIndex = 1; lastKnownFileType = text.xcconfig; name = "Pods-administrator.debug.xcconfig"; path = "Target Support Files/Pods-administrator/Pods-administrator.debug.xcconfig"; sourceTree = "<group>"; };
		08C9870538EBB4E81DD05137 /* Pods-administrator.release.xcconfig */ = {isa = PBXFileReference; includeInIndex = 1; lastKnownFileType = text.xcconfig; name = "Pods-administrator.release.xcconfig"; path = "Target Support Files/Pods-administrator/Pods-administrator.release.xcconfig"; sourceTree = "<group>"; };
		4E14D63D29CC13220042E640 /* MasterViewController.swift */ = {isa = PBXFileReference; lastKnownFileType = sourcecode.swift; path = MasterViewController.swift; sourceTree = "<group>"; };
		4E1DDC7729CBE6DE001BAB68 /* administrator.app */ = {isa = PBXFileReference; explicitFileType = wrapper.application; includeInIndex = 0; path = administrator.app; sourceTree = BUILT_PRODUCTS_DIR; };
		4E1DDC7A29CBE6DE001BAB68 /* AppDelegate.swift */ = {isa = PBXFileReference; lastKnownFileType = sourcecode.swift; path = AppDelegate.swift; sourceTree = "<group>"; };
		4E1DDC7C29CBE6DE001BAB68 /* SceneDelegate.swift */ = {isa = PBXFileReference; lastKnownFileType = sourcecode.swift; path = SceneDelegate.swift; sourceTree = "<group>"; };
		4E1DDC7E29CBE6DE001BAB68 /* ViewController.swift */ = {isa = PBXFileReference; lastKnownFileType = sourcecode.swift; path = ViewController.swift; sourceTree = "<group>"; };
		4E1DDC8129CBE6DE001BAB68 /* Base */ = {isa = PBXFileReference; lastKnownFileType = file.storyboard; name = Base; path = Base.lproj/Main.storyboard; sourceTree = "<group>"; };
		4E1DDC8329CBE6DF001BAB68 /* Assets.xcassets */ = {isa = PBXFileReference; lastKnownFileType = folder.assetcatalog; path = Assets.xcassets; sourceTree = "<group>"; };
		4E1DDC8629CBE6DF001BAB68 /* Base */ = {isa = PBXFileReference; lastKnownFileType = file.storyboard; name = Base; path = Base.lproj/LaunchScreen.storyboard; sourceTree = "<group>"; };
		4E1DDC8829CBE6DF001BAB68 /* Info.plist */ = {isa = PBXFileReference; lastKnownFileType = text.plist.xml; path = Info.plist; sourceTree = "<group>"; };
		4E240D9929CC1F3800164FE4 /* DashBoardViewController.swift */ = {isa = PBXFileReference; lastKnownFileType = sourcecode.swift; path = DashBoardViewController.swift; sourceTree = "<group>"; };
		4E240D9B29CC1F4100164FE4 /* MapViewController.swift */ = {isa = PBXFileReference; lastKnownFileType = sourcecode.swift; path = MapViewController.swift; sourceTree = "<group>"; };
		4E5805FDB48A88B483840755 /* Pods_administrator.framework */ = {isa = PBXFileReference; explicitFileType = wrapper.framework; includeInIndex = 0; path = Pods_administrator.framework; sourceTree = BUILT_PRODUCTS_DIR; };
		4E9EC36529CD2F9700EC7F21 /* GoogleService-Info.plist */ = {isa = PBXFileReference; fileEncoding = 4; lastKnownFileType = text.plist.xml; name = "GoogleService-Info.plist"; path = "../../../GoogleService-Info.plist"; sourceTree = "<group>"; };
/* End PBXFileReference section */

/* Begin PBXFrameworksBuildPhase section */
		4E1DDC7429CBE6DE001BAB68 /* Frameworks */ = {
			isa = PBXFrameworksBuildPhase;
			buildActionMask = 2147483647;
			files = (
				5C02CA01B535C1F8E8ED2EAE /* Pods_administrator.framework in Frameworks */,
			);
			runOnlyForDeploymentPostprocessing = 0;
		};
/* End PBXFrameworksBuildPhase section */

/* Begin PBXGroup section */
		4E1DDC6E29CBE6DE001BAB68 = {
			isa = PBXGroup;
			children = (
				4E1DDC7929CBE6DE001BAB68 /* administrator */,
				4E1DDC7829CBE6DE001BAB68 /* Products */,
				900071D54B041E43E6093CD9 /* Pods */,
				9A8043617765F7D90B5DE5D7 /* Frameworks */,
			);
			sourceTree = "<group>";
		};
		4E1DDC7829CBE6DE001BAB68 /* Products */ = {
			isa = PBXGroup;
			children = (
				4E1DDC7729CBE6DE001BAB68 /* administrator.app */,
			);
			name = Products;
			sourceTree = "<group>";
		};
		4E1DDC7929CBE6DE001BAB68 /* administrator */ = {
			isa = PBXGroup;
			children = (
				4E9EC36529CD2F9700EC7F21 /* GoogleService-Info.plist */,
				4E1DDCAE29CC0371001BAB68 /* view */,
				4E1DDC7A29CBE6DE001BAB68 /* AppDelegate.swift */,
				4E1DDC7C29CBE6DE001BAB68 /* SceneDelegate.swift */,
				4E1DDC7E29CBE6DE001BAB68 /* ViewController.swift */,
				4E1DDC8029CBE6DE001BAB68 /* Main.storyboard */,
				4E1DDC8329CBE6DF001BAB68 /* Assets.xcassets */,
				4E1DDC8529CBE6DF001BAB68 /* LaunchScreen.storyboard */,
				4E1DDC8829CBE6DF001BAB68 /* Info.plist */,
			);
			path = administrator;
			sourceTree = "<group>";
		};
		4E1DDCAE29CC0371001BAB68 /* view */ = {
			isa = PBXGroup;
			children = (
				4E14D63D29CC13220042E640 /* MasterViewController.swift */,
				4E240D9929CC1F3800164FE4 /* DashBoardViewController.swift */,
				4E240D9B29CC1F4100164FE4 /* MapViewController.swift */,
			);
			path = view;
			sourceTree = "<group>";
		};
		900071D54B041E43E6093CD9 /* Pods */ = {
			isa = PBXGroup;
			children = (
				025FC43EE2A8B6EAFF1F04DC /* Pods-administrator.debug.xcconfig */,
				08C9870538EBB4E81DD05137 /* Pods-administrator.release.xcconfig */,
			);
			name = Pods;
			path = Pods;
			sourceTree = "<group>";
		};
		9A8043617765F7D90B5DE5D7 /* Frameworks */ = {
			isa = PBXGroup;
			children = (
				4E5805FDB48A88B483840755 /* Pods_administrator.framework */,
			);
			name = Frameworks;
			sourceTree = "<group>";
		};
/* End PBXGroup section */

/* Begin PBXNativeTarget section */
		4E1DDC7629CBE6DE001BAB68 /* administrator */ = {
			isa = PBXNativeTarget;
			buildConfigurationList = 4E1DDC8B29CBE6DF001BAB68 /* Build configuration list for PBXNativeTarget "administrator" */;
			buildPhases = (
				8B3F873BBD0ADAAEF8D4466E /* [CP] Check Pods Manifest.lock */,
				4E1DDC7329CBE6DE001BAB68 /* Sources */,
				4E1DDC7429CBE6DE001BAB68 /* Frameworks */,
				4E1DDC7529CBE6DE001BAB68 /* Resources */,
				B9C384A0D8C9413B6688329A /* [CP] Embed Pods Frameworks */,
			);
			buildRules = (
			);
			dependencies = (
			);
			name = administrator;
			productName = administrator;
			productReference = 4E1DDC7729CBE6DE001BAB68 /* administrator.app */;
			productType = "com.apple.product-type.application";
		};
/* End PBXNativeTarget section */

/* Begin PBXProject section */
		4E1DDC6F29CBE6DE001BAB68 /* Project object */ = {
			isa = PBXProject;
			attributes = {
				BuildIndependentTargetsInParallel = 1;
				LastSwiftUpdateCheck = 1420;
				LastUpgradeCheck = 1420;
				TargetAttributes = {
					4E1DDC7629CBE6DE001BAB68 = {
						CreatedOnToolsVersion = 14.2;
					};
				};
			};
			buildConfigurationList = 4E1DDC7229CBE6DE001BAB68 /* Build configuration list for PBXProject "administrator" */;
			compatibilityVersion = "Xcode 14.0";
			developmentRegion = en;
			hasScannedForEncodings = 0;
			knownRegions = (
				en,
				Base,
			);
			mainGroup = 4E1DDC6E29CBE6DE001BAB68;
			productRefGroup = 4E1DDC7829CBE6DE001BAB68 /* Products */;
			projectDirPath = "";
			projectRoot = "";
			targets = (
				4E1DDC7629CBE6DE001BAB68 /* administrator */,
			);
		};
/* End PBXProject section */

/* Begin PBXResourcesBuildPhase section */
		4E1DDC7529CBE6DE001BAB68 /* Resources */ = {
			isa = PBXResourcesBuildPhase;
			buildActionMask = 2147483647;
			files = (
				4E1DDC8729CBE6DF001BAB68 /* LaunchScreen.storyboard in Resources */,
				4E9EC36629CD2F9700EC7F21 /* GoogleService-Info.plist in Resources */,
				4E1DDC8429CBE6DF001BAB68 /* Assets.xcassets in Resources */,
				4E1DDC8229CBE6DE001BAB68 /* Main.storyboard in Resources */,
			);
			runOnlyForDeploymentPostprocessing = 0;
		};
/* End PBXResourcesBuildPhase section */

/* Begin PBXShellScriptBuildPhase section */
		8B3F873BBD0ADAAEF8D4466E /* [CP] Check Pods Manifest.lock */ = {
			isa = PBXShellScriptBuildPhase;
			buildActionMask = 2147483647;
			files = (
			);
			inputFileListPaths = (
			);
			inputPaths = (
				"${PODS_PODFILE_DIR_PATH}/Podfile.lock",
				"${PODS_ROOT}/Manifest.lock",
			);
			name = "[CP] Check Pods Manifest.lock";
			outputFileListPaths = (
			);
			outputPaths = (
				"$(DERIVED_FILE_DIR)/Pods-administrator-checkManifestLockResult.txt",
			);
			runOnlyForDeploymentPostprocessing = 0;
			shellPath = /bin/sh;
			shellScript = "diff \"${PODS_PODFILE_DIR_PATH}/Podfile.lock\" \"${PODS_ROOT}/Manifest.lock\" > /dev/null\nif [ $? != 0 ] ; then\n    # print error to STDERR\n    echo \"error: The sandbox is not in sync with the Podfile.lock. Run 'pod install' or update your CocoaPods installation.\" >&2\n    exit 1\nfi\n# This output is used by Xcode 'outputs' to avoid re-running this script phase.\necho \"SUCCESS\" > \"${SCRIPT_OUTPUT_FILE_0}\"\n";
			showEnvVarsInLog = 0;
		};
		B9C384A0D8C9413B6688329A /* [CP] Embed Pods Frameworks */ = {
			isa = PBXShellScriptBuildPhase;
			buildActionMask = 2147483647;
			files = (
			);
			inputFileListPaths = (
				"${PODS_ROOT}/Target Support Files/Pods-administrator/Pods-administrator-frameworks-${CONFIGURATION}-input-files.xcfilelist",
			);
			name = "[CP] Embed Pods Frameworks";
			outputFileListPaths = (
				"${PODS_ROOT}/Target Support Files/Pods-administrator/Pods-administrator-frameworks-${CONFIGURATION}-output-files.xcfilelist",
			);
			runOnlyForDeploymentPostprocessing = 0;
			shellPath = /bin/sh;
			shellScript = "\"${PODS_ROOT}/Target Support Files/Pods-administrator/Pods-administrator-frameworks.sh\"\n";
			showEnvVarsInLog = 0;
		};
/* End PBXShellScriptBuildPhase section */

/* Begin PBXSourcesBuildPhase section */
		4E1DDC7329CBE6DE001BAB68 /* Sources */ = {
			isa = PBXSourcesBuildPhase;
			buildActionMask = 2147483647;
			files = (
				4E240D9C29CC1F4100164FE4 /* MapViewController.swift in Sources */,
				4E14D63E29CC13220042E640 /* MasterViewController.swift in Sources */,
				4E240D9A29CC1F3800164FE4 /* DashBoardViewController.swift in Sources */,
				4E1DDC7F29CBE6DE001BAB68 /* ViewController.swift in Sources */,
				4E1DDC7B29CBE6DE001BAB68 /* AppDelegate.swift in Sources */,
				4E1DDC7D29CBE6DE001BAB68 /* SceneDelegate.swift in Sources */,
			);
			runOnlyForDeploymentPostprocessing = 0;
		};
/* End PBXSourcesBuildPhase section */

/* Begin PBXVariantGroup section */
		4E1DDC8029CBE6DE001BAB68 /* Main.storyboard */ = {
			isa = PBXVariantGroup;
			children = (
				4E1DDC8129CBE6DE001BAB68 /* Base */,
			);
			name = Main.storyboard;
			sourceTree = "<group>";
		};
		4E1DDC8529CBE6DF001BAB68 /* LaunchScreen.storyboard */ = {
			isa = PBXVariantGroup;
			children = (
				4E1DDC8629CBE6DF001BAB68 /* Base */,
			);
			name = LaunchScreen.storyboard;
			sourceTree = "<group>";
		};
/* End PBXVariantGroup section */

/* Begin XCBuildConfiguration section */
		4E1DDC8929CBE6DF001BAB68 /* Debug */ = {
			isa = XCBuildConfiguration;
			buildSettings = {
				ALWAYS_SEARCH_USER_PATHS = NO;
				CLANG_ANALYZER_NONNULL = YES;
				CLANG_ANALYZER_NUMBER_OBJECT_CONVERSION = YES_AGGRESSIVE;
				CLANG_CXX_LANGUAGE_STANDARD = "gnu++20";
				CLANG_ENABLE_MODULES = YES;
				CLANG_ENABLE_OBJC_ARC = YES;
				CLANG_ENABLE_OBJC_WEAK = YES;
				CLANG_WARN_BLOCK_CAPTURE_AUTORELEASING = YES;
				CLANG_WARN_BOOL_CONVERSION = YES;
				CLANG_WARN_COMMA = YES;
				CLANG_WARN_CONSTANT_CONVERSION = YES;
				CLANG_WARN_DEPRECATED_OBJC_IMPLEMENTATIONS = YES;
				CLANG_WARN_DIRECT_OBJC_ISA_USAGE = YES_ERROR;
				CLANG_WARN_DOCUMENTATION_COMMENTS = YES;
				CLANG_WARN_EMPTY_BODY = YES;
				CLANG_WARN_ENUM_CONVERSION = YES;
				CLANG_WARN_INFINITE_RECURSION = YES;
				CLANG_WARN_INT_CONVERSION = YES;
				CLANG_WARN_NON_LITERAL_NULL_CONVERSION = YES;
				CLANG_WARN_OBJC_IMPLICIT_RETAIN_SELF = YES;
				CLANG_WARN_OBJC_LITERAL_CONVERSION = YES;
				CLANG_WARN_OBJC_ROOT_CLASS = YES_ERROR;
				CLANG_WARN_QUOTED_INCLUDE_IN_FRAMEWORK_HEADER = YES;
				CLANG_WARN_RANGE_LOOP_ANALYSIS = YES;
				CLANG_WARN_STRICT_PROTOTYPES = YES;
				CLANG_WARN_SUSPICIOUS_MOVE = YES;
				CLANG_WARN_UNGUARDED_AVAILABILITY = YES_AGGRESSIVE;
				CLANG_WARN_UNREACHABLE_CODE = YES;
				CLANG_WARN__DUPLICATE_METHOD_MATCH = YES;
				COPY_PHASE_STRIP = NO;
				DEBUG_INFORMATION_FORMAT = dwarf;
				ENABLE_STRICT_OBJC_MSGSEND = YES;
				ENABLE_TESTABILITY = YES;
				GCC_C_LANGUAGE_STANDARD = gnu11;
				GCC_DYNAMIC_NO_PIC = NO;
				GCC_NO_COMMON_BLOCKS = YES;
				GCC_OPTIMIZATION_LEVEL = 0;
				GCC_PREPROCESSOR_DEFINITIONS = (
					"DEBUG=1",
					"$(inherited)",
				);
				GCC_WARN_64_TO_32_BIT_CONVERSION = YES;
				GCC_WARN_ABOUT_RETURN_TYPE = YES_ERROR;
				GCC_WARN_UNDECLARED_SELECTOR = YES;
				GCC_WARN_UNINITIALIZED_AUTOS = YES_AGGRESSIVE;
				GCC_WARN_UNUSED_FUNCTION = YES;
				GCC_WARN_UNUSED_VARIABLE = YES;
				IPHONEOS_DEPLOYMENT_TARGET = 16.2;
				MTL_ENABLE_DEBUG_INFO = INCLUDE_SOURCE;
				MTL_FAST_MATH = YES;
				ONLY_ACTIVE_ARCH = YES;
				SDKROOT = iphoneos;
				SWIFT_ACTIVE_COMPILATION_CONDITIONS = DEBUG;
				SWIFT_OPTIMIZATION_LEVEL = "-Onone";
			};
			name = Debug;
		};
		4E1DDC8A29CBE6DF001BAB68 /* Release */ = {
			isa = XCBuildConfiguration;
			buildSettings = {
				ALWAYS_SEARCH_USER_PATHS = NO;
				CLANG_ANALYZER_NONNULL = YES;
				CLANG_ANALYZER_NUMBER_OBJECT_CONVERSION = YES_AGGRESSIVE;
				CLANG_CXX_LANGUAGE_STANDARD = "gnu++20";
				CLANG_ENABLE_MODULES = YES;
				CLANG_ENABLE_OBJC_ARC = YES;
				CLANG_ENABLE_OBJC_WEAK = YES;
				CLANG_WARN_BLOCK_CAPTURE_AUTORELEASING = YES;
				CLANG_WARN_BOOL_CONVERSION = YES;
				CLANG_WARN_COMMA = YES;
				CLANG_WARN_CONSTANT_CONVERSION = YES;
				CLANG_WARN_DEPRECATED_OBJC_IMPLEMENTATIONS = YES;
				CLANG_WARN_DIRECT_OBJC_ISA_USAGE = YES_ERROR;
				CLANG_WARN_DOCUMENTATION_COMMENTS = YES;
				CLANG_WARN_EMPTY_BODY = YES;
				CLANG_WARN_ENUM_CONVERSION = YES;
				CLANG_WARN_INFINITE_RECURSION = YES;
				CLANG_WARN_INT_CONVERSION = YES;
				CLANG_WARN_NON_LITERAL_NULL_CONVERSION = YES;
				CLANG_WARN_OBJC_IMPLICIT_RETAIN_SELF = YES;
				CLANG_WARN_OBJC_LITERAL_CONVERSION = YES;
				CLANG_WARN_OBJC_ROOT_CLASS = YES_ERROR;
				CLANG_WARN_QUOTED_INCLUDE_IN_FRAMEWORK_HEADER = YES;
				CLANG_WARN_RANGE_LOOP_ANALYSIS = YES;
				CLANG_WARN_STRICT_PROTOTYPES = YES;
				CLANG_WARN_SUSPICIOUS_MOVE = YES;
				CLANG_WARN_UNGUARDED_AVAILABILITY = YES_AGGRESSIVE;
				CLANG_WARN_UNREACHABLE_CODE = YES;
				CLANG_WARN__DUPLICATE_METHOD_MATCH = YES;
				COPY_PHASE_STRIP = NO;
				DEBUG_INFORMATION_FORMAT = "dwarf-with-dsym";
				ENABLE_NS_ASSERTIONS = NO;
				ENABLE_STRICT_OBJC_MSGSEND = YES;
				GCC_C_LANGUAGE_STANDARD = gnu11;
				GCC_NO_COMMON_BLOCKS = YES;
				GCC_WARN_64_TO_32_BIT_CONVERSION = YES;
				GCC_WARN_ABOUT_RETURN_TYPE = YES_ERROR;
				GCC_WARN_UNDECLARED_SELECTOR = YES;
				GCC_WARN_UNINITIALIZED_AUTOS = YES_AGGRESSIVE;
				GCC_WARN_UNUSED_FUNCTION = YES;
				GCC_WARN_UNUSED_VARIABLE = YES;
				IPHONEOS_DEPLOYMENT_TARGET = 16.2;
				MTL_ENABLE_DEBUG_INFO = NO;
				MTL_FAST_MATH = YES;
				SDKROOT = iphoneos;
				SWIFT_COMPILATION_MODE = wholemodule;
				SWIFT_OPTIMIZATION_LEVEL = "-O";
				VALIDATE_PRODUCT = YES;
			};
			name = Release;
		};
		4E1DDC8C29CBE6DF001BAB68 /* Debug */ = {
			isa = XCBuildConfiguration;
			baseConfigurationReference = 025FC43EE2A8B6EAFF1F04DC /* Pods-administrator.debug.xcconfig */;
			buildSettings = {
				ASSETCATALOG_COMPILER_APPICON_NAME = AppIcon;
				ASSETCATALOG_COMPILER_GLOBAL_ACCENT_COLOR_NAME = AccentColor;
				CODE_SIGN_STYLE = Automatic;
				CURRENT_PROJECT_VERSION = 1;
				GENERATE_INFOPLIST_FILE = YES;
				INFOPLIST_FILE = administrator/Info.plist;
				INFOPLIST_KEY_UIApplicationSupportsIndirectInputEvents = YES;
				INFOPLIST_KEY_UILaunchStoryboardName = LaunchScreen;
				INFOPLIST_KEY_UIMainStoryboardFile = Main;
				INFOPLIST_KEY_UISupportedInterfaceOrientations = "UIInterfaceOrientationLandscapeLeft UIInterfaceOrientationLandscapeRight UIInterfaceOrientationPortrait";
				INFOPLIST_KEY_UISupportedInterfaceOrientations_iPad = "UIInterfaceOrientationLandscapeLeft UIInterfaceOrientationLandscapeRight UIInterfaceOrientationPortrait UIInterfaceOrientationPortraitUpsideDown";
				LD_RUNPATH_SEARCH_PATHS = (
					"$(inherited)",
					"@executable_path/Frameworks",
				);
				MARKETING_VERSION = 1.0;
				PRODUCT_BUNDLE_IDENTIFIER = com.saemosin.administrator;
				PRODUCT_NAME = "$(TARGET_NAME)";
				SUPPORTED_PLATFORMS = "iphoneos iphonesimulator";
				SUPPORTS_MACCATALYST = NO;
				SUPPORTS_MAC_DESIGNED_FOR_IPHONE_IPAD = NO;
				SWIFT_EMIT_LOC_STRINGS = YES;
				SWIFT_VERSION = 5.0;
				TARGETED_DEVICE_FAMILY = 2;
			};
			name = Debug;
		};
		4E1DDC8D29CBE6DF001BAB68 /* Release */ = {
			isa = XCBuildConfiguration;
			baseConfigurationReference = 08C9870538EBB4E81DD05137 /* Pods-administrator.release.xcconfig */;
			buildSettings = {
				ASSETCATALOG_COMPILER_APPICON_NAME = AppIcon;
				ASSETCATALOG_COMPILER_GLOBAL_ACCENT_COLOR_NAME = AccentColor;
				CODE_SIGN_STYLE = Automatic;
				CURRENT_PROJECT_VERSION = 1;
				GENERATE_INFOPLIST_FILE = YES;
				INFOPLIST_FILE = administrator/Info.plist;
				INFOPLIST_KEY_UIApplicationSupportsIndirectInputEvents = YES;
				INFOPLIST_KEY_UILaunchStoryboardName = LaunchScreen;
				INFOPLIST_KEY_UIMainStoryboardFile = Main;
				INFOPLIST_KEY_UISupportedInterfaceOrientations = "UIInterfaceOrientationLandscapeLeft UIInterfaceOrientationLandscapeRight UIInterfaceOrientationPortrait";
				INFOPLIST_KEY_UISupportedInterfaceOrientations_iPad = "UIInterfaceOrientationLandscapeLeft UIInterfaceOrientationLandscapeRight UIInterfaceOrientationPortrait UIInterfaceOrientationPortraitUpsideDown";
				LD_RUNPATH_SEARCH_PATHS = (
					"$(inherited)",
					"@executable_path/Frameworks",
				);
				MARKETING_VERSION = 1.0;
				PRODUCT_BUNDLE_IDENTIFIER = com.saemosin.administrator;
				PRODUCT_NAME = "$(TARGET_NAME)";
				SUPPORTED_PLATFORMS = "iphoneos iphonesimulator";
				SUPPORTS_MACCATALYST = NO;
				SUPPORTS_MAC_DESIGNED_FOR_IPHONE_IPAD = NO;
				SWIFT_EMIT_LOC_STRINGS = YES;
				SWIFT_VERSION = 5.0;
				TARGETED_DEVICE_FAMILY = 2;
			};
			name = Release;
		};
/* End XCBuildConfiguration section */

/* Begin XCConfigurationList section */
		4E1DDC7229CBE6DE001BAB68 /* Build configuration list for PBXProject "administrator" */ = {
			isa = XCConfigurationList;
			buildConfigurations = (
				4E1DDC8929CBE6DF001BAB68 /* Debug */,
				4E1DDC8A29CBE6DF001BAB68 /* Release */,
			);
			defaultConfigurationIsVisible = 0;
			defaultConfigurationName = Release;
		};
		4E1DDC8B29CBE6DF001BAB68 /* Build configuration list for PBXNativeTarget "administrator" */ = {
			isa = XCConfigurationList;
			buildConfigurations = (
				4E1DDC8C29CBE6DF001BAB68 /* Debug */,
				4E1DDC8D29CBE6DF001BAB68 /* Release */,
			);
			defaultConfigurationIsVisible = 0;
			defaultConfigurationName = Release;
		};
/* End XCConfigurationList section */
	};
	rootObject = 4E1DDC6F29CBE6DE001BAB68 /* Project object */;
}
